# This file is autogenerated, do not edit; changes may be undone by the next 'dep ensure'.


[[projects]]
  name = "github.com/labstack/echo"
  packages = ["."]
  revision = "c7eb8da9ec73e78c4f38413f3f835e0cd52c7d72"
  version = "v3.3.8"

[[projects]]
  name = "github.com/labstack/gommon"
  packages = [
    "color",
    "log"
  ]
  revision = "7fd9f68ece0bcb1a905fac8f1549f0083f71c51b"
  version = "v0.2.8"

[[projects]]
  name = "github.com/mattn/go-colorable"
  packages = ["."]
  revision = "167de6bfdfba052fa6b2d3664c8f5272e23c9072"
  version = "v0.0.9"

[[projects]]
  name = "github.com/mattn/go-isatty"
  packages = ["."]
  revision = "6ca4dbf54d38eea1a992b3c722a76a5d1c4cb25c"
  version = "v0.0.4"

[[projects]]
  name = "github.com/valyala/bytebufferpool"
  packages = ["."]
  revision = "e746df99fe4a3986f4d4f79e13c1e0117ce9c2f7"
  version = "v1.0.0"

[[projects]]
  branch = "master"
  name = "github.com/valyala/fasttemplate"
  packages = ["."]
  revision = "dcecefd839c4193db0d35b88ec65b4c12d360ab0"

[[projects]]
  branch = "master"
  name = "github.com/xeipuuv/gojsonpointer"
  packages = ["."]
  revision = "4e3ac2762d5f479393488629ee9370b50873b3a6"

[[projects]]
  branch = "master"
  name = "github.com/xeipuuv/gojsonreference"
  packages = ["."]
  revision = "bd5ef7bd5415a7ac448318e64f11a24cd21e594b"

[[projects]]
  name = "github.com/xeipuuv/gojsonschema"
  packages = ["."]
  revision = "da425ebb7609ba06a0f395fc8a254d1c303364a0"
  version = "v1.0"

[[projects]]
  branch = "master"
  name = "golang.org/x/crypto"
  packages = [
    "acme",
    "acme/autocert"
  ]
  revision = "3d3f9f413869b949e48070b5bc593aa22cc2b8f2"

[[projects]]
  branch = "master"
  name = "golang.org/x/net"
  packages = [
    "idna",
    "publicsuffix"
  ]
  revision = "adae6a3d119ae4890b46832a2e88a95adc62b8e7"

[[projects]]
  branch = "master"
  name = "golang.org/x/sys"
  packages = ["unix"]
  revision = "62eef0e2fa9b2c385f7b2778e763486da6880d37"

[[projects]]
  name = "golang.org/x/text"
  packages = [
    "collate",
    "collate/build",
    "internal/colltab",
    "internal/gen",
    "internal/tag",
    "internal/triegen",
    "internal/ucd",
    "language",
    "secure/bidirule",
    "transform",
    "unicode/bidi",
    "unicode/cldr",
    "unicode/norm",
    "unicode/rangetable"
  ]
  revision = "f21a4dfb5e38f5895301dc265a8def02365cc3d0"
  version = "v0.3.0"

[[projects]]
  name = "gopkg.in/h2non/baloo.v3"
  packages = [
    ".",
    "assert"
  ]
  revision = "b9f462260906c6745b7326783fede3b92e7c465e"
  version = "v3.0.2"

[[projects]]
  name = "gopkg.in/h2non/gentleman.v2"
  packages = [
    ".",
    "context",
    "middleware",
    "mux",
    "plugin",
    "plugins/body",
    "plugins/bodytype",
    "plugins/cookies",
    "plugins/headers",
    "plugins/multipart",
    "plugins/query",
    "plugins/url",
    "utils"
  ]
  revision = "e0f81be2f4064ea7aa7470e9daddd2dc8e8152c7"
  version = "v2.0.3"

[solve-meta]
  analyzer-name = "dep"
  analyzer-version = 1
  inputs-digest = "0f44a6d41faccaeb120338de4cdde368d9a622f457acdeb0c7487586a4af5fa3"
  solver-name = "gps-cdcl"
  solver-version = 1
